<?xml version="1.0" encoding="utf-8"?>
<Project ToolsVersion="4.0" xmlns="http://schemas.microsoft.com/developer/msbuild/2003">
  <ItemGroup>
    <Filter Include="Header Files">
      <UniqueIdentifier>{93995380-89BD-4b04-88EB-625FBE52EBFB}</UniqueIdentifier>
      <Extensions>h;hh;hpp;hxx;hm;inl;inc;ipp;xsd</Extensions>
    </Filter>
    <Filter Include="Header Files\Actions">
      <UniqueIdentifier>{3dcdb413-ba66-4a27-8e9f-f1b4e7735b36}</UniqueIdentifier>
    </Filter>
    <Filter Include="Header Files\CollisionUtil">
      <UniqueIdentifier>{69af52c9-fe8a-4ff0-a749-324ef9a2732e}</UniqueIdentifier>
    </Filter>
    <Filter Include="Header Files\Component">
      <UniqueIdentifier>{ef381933-3baf-4aad-8d6e-edfc2f8e8c12}</UniqueIdentifier>
    </Filter>
    <Filter Include="Header Files\ECS">
      <UniqueIdentifier>{eb4b8f1e-c3bd-4c4e-9163-ea0495a76392}</UniqueIdentifier>
    </Filter>
    <Filter Include="Header Files\Entity">
      <UniqueIdentifier>{8e46328c-8573-4df8-a9f7-a0feebf01d36}</UniqueIdentifier>
    </Filter>
    <Filter Include="Header Files\Entity">
      <UniqueIdentifier>{cb43fca0-80f0-4fd8-9422-628f3feab2e7}</UniqueIdentifier>
    </Filter>
    <Filter Include="Header Files\FSM">
      <UniqueIdentifier>{aa731301-7f52-431d-8762-c91f3e7dc863}</UniqueIdentifier>
    </Filter>
    <Filter Include="Header Files\Reducers">
      <UniqueIdentifier>{ad12a001-7fc8-47de-8ff9-cd6f5f013907}</UniqueIdentifier>
    </Filter>
    <Filter Include="Header Files\States">
      <UniqueIdentifier>{32cf2de5-4b27-4818-b10b-8a3df0d43522}</UniqueIdentifier>
    </Filter>
    <Filter Include="Header Files\States\Attack">
      <UniqueIdentifier>{e59f343d-92e6-4a6d-9357-03bcaab5c67b}</UniqueIdentifier>
    </Filter>
    <Filter Include="Header Files\States\Click">
      <UniqueIdentifier>{a339fbd0-958d-454f-b963-a3c704c9ca12}</UniqueIdentifier>
    </Filter>
    <Filter Include="Header Files\States\Game">
      <UniqueIdentifier>{935062c0-ac9c-41f2-a0c6-4d59fcf0a799}</UniqueIdentifier>
    </Filter>
    <Filter Include="Header Files\States\PlayerHealth">
      <UniqueIdentifier>{3f436459-026d-4adc-af71-0083a6fc4b6b}</UniqueIdentifier>
    </Filter>
    <Filter Include="Header Files\States\PlayerMovement">
      <UniqueIdentifier>{32dee21f-7e59-4b0f-9458-9a511364305d}</UniqueIdentifier>
    </Filter>
    <Filter Include="Header Files\System">
      <UniqueIdentifier>{a413f069-2231-4193-8ac7-e86077355568}</UniqueIdentifier>
    </Filter>
    <Filter Include="Resource Files">
      <UniqueIdentifier>{67DA6AB6-F800-4c08-8B7A-83BB121AAD01}</UniqueIdentifier>
      <Extensions>rc;ico;cur;bmp;dlg;rc2;rct;bin;rgs;gif;jpg;jpeg;jpe;resx;tiff;tif;png;wav;mfcribbon-ms</Extensions>
    </Filter>
    <Filter Include="Resource Files\Background">
      <UniqueIdentifier>{7ef6f92c-7e65-4e4a-8984-a6c6880f63dc}</UniqueIdentifier>
    </Filter>
    <Filter Include="Resource Files\Button">
      <UniqueIdentifier>{43cac398-5a13-46f4-a1f6-454420c9e44c}</UniqueIdentifier>
    </Filter>
    <Filter Include="Resource Files\Enemy">
      <UniqueIdentifier>{f9426b6a-9bcb-4b48-bbf5-a9a602b33354}</UniqueIdentifier>
    </Filter>
    <Filter Include="Resource Files\map">
      <UniqueIdentifier>{6ccf98d2-3d3c-421f-bd5f-5dcfdec5d68e}</UniqueIdentifier>
    </Filter>
    <Filter Include="Resource Files\map">
      <UniqueIdentifier>{6ccf98d2-3d3c-421f-bd5f-5dcfdec5d68e}</UniqueIdentifier>
    </Filter>
    <Filter Include="Resource Files\Player">
      <UniqueIdentifier>{c5c2810a-1bb9-4ef0-b27e-813675a1e3fb}</UniqueIdentifier>
    </Filter>
    <Filter Include="Resource Files\sprite">
      <UniqueIdentifier>{397cccc2-f039-4f85-ad97-01cb1fb0b42e}</UniqueIdentifier>
    </Filter>
    <Filter Include="Resource Files\sprite">
      <UniqueIdentifier>{397cccc2-f039-4f85-ad97-01cb1fb0b42e}</UniqueIdentifier>
    </Filter>
    <Filter Include="Source Files">
      <UniqueIdentifier>{4FC737F1-C7A5-4376-A066-2A32D752A2FF}</UniqueIdentifier>
      <Extensions>cpp;c;cc;cxx;def;odl;idl;hpj;bat;asm;asmx</Extensions>
    </Filter>
    <Filter Include="Source Files\CollisionUtil">
      <UniqueIdentifier>{afc9652c-d4c0-4428-b1ea-ec6252c333b8}</UniqueIdentifier>
    </Filter>
    <Filter Include="Source Files\Component">
      <UniqueIdentifier>{9e8cda42-7798-4312-8b1a-23b8e3ce98cc}</UniqueIdentifier>
    </Filter>
    <Filter Include="Source Files\ECS">
      <UniqueIdentifier>{450a48d2-651c-4189-b6aa-678584d7f8fa}</UniqueIdentifier>
    </Filter>
    <Filter Include="Source Files\Entity">
      <UniqueIdentifier>{61c71b4b-0751-41b4-ad6e-3d3fc306a1ea}</UniqueIdentifier>
    </Filter>
    <Filter Include="Source Files\FSM">
      <UniqueIdentifier>{3367818c-1212-4c82-a54f-7c9cd7253579}</UniqueIdentifier>
    </Filter>
    <Filter Include="Source Files\Reducers">
      <UniqueIdentifier>{d7948023-4280-4684-a832-a7525081e329}</UniqueIdentifier>
    </Filter>
    <Filter Include="Source Files\States">
      <UniqueIdentifier>{96aeb3a2-d0d7-4cdc-abb0-00260fe30cb0}</UniqueIdentifier>
    </Filter>
    <Filter Include="Source Files\States\Attack">
      <UniqueIdentifier>{e198cafe-163d-4445-9951-c9a2f0bc701c}</UniqueIdentifier>
    </Filter>
    <Filter Include="Source Files\States\Click">
      <UniqueIdentifier>{92200056-6daf-494a-aee0-2b3f88fe6671}</UniqueIdentifier>
    </Filter>
    <Filter Include="Source Files\States\Game">
      <UniqueIdentifier>{106c62b3-54a9-49fc-9280-93840294ff4e}</UniqueIdentifier>
    </Filter>
    <Filter Include="Source Files\States\PlayerHealth">
      <UniqueIdentifier>{7b93894d-003a-404b-921c-58a64fe56ec2}</UniqueIdentifier>
    </Filter>
    <Filter Include="Source Files\States\PlayerMovement">
      <UniqueIdentifier>{e40d56f7-52bf-4afb-9c68-3e73bc9a8d5b}</UniqueIdentifier>
    </Filter>
    <Filter Include="Source Files\System">
      <UniqueIdentifier>{be293b0c-f66a-45e2-b48e-8be4ddc4789a}</UniqueIdentifier>
    </Filter>
  </ItemGroup>
  <ItemGroup>
    <ClCompile Include="AABBAABBCollisionStrategy.cpp">
      <Filter>Source Files\CollisionUtil</Filter>
    </ClCompile>
    <ClCompile Include="AABBCircleCollisionStrategy.cpp">
      <Filter>Source Files\CollisionUtil</Filter>
    </ClCompile>
    <ClCompile Include="AABBOBBCollisionStrategy.cpp">
      <Filter>Source Files\CollisionUtil</Filter>
    </ClCompile>
    <ClCompile Include="AttackIdleState.cpp">
      <Filter>Source Files\States\Attack</Filter>
    </ClCompile>
    <ClCompile Include="AttackingState.cpp">
      <Filter>Source Files\States\Attack</Filter>
    </ClCompile>
    <ClCompile Include="AugmentationSystem.cpp">
      <Filter>Source Files\System</Filter>
    </ClCompile>
    <ClCompile Include="ButtonEntity.cpp">
      <Filter>Source Files\Entity</Filter>
    </ClCompile>
    <ClCompile Include="CircleCircleCollisionStrategy.cpp">
      <Filter>Source Files\CollisionUtil</Filter>
    </ClCompile>
    <ClCompile Include="CircleOBBCollisionStrategy.cpp">
      <Filter>Source Files\CollisionUtil</Filter>
    </ClCompile>
    <ClCompile Include="ClickingState.cpp">
      <Filter>Source Files\States\Click</Filter>
    </ClCompile>
    <ClCompile Include="CollidableComponent.cpp">
      <Filter>Source Files\Component</Filter>
    </ClCompile>
    <ClCompile Include="CollisionSystem.cpp">
      <Filter>Source Files\System</Filter>
    </ClCompile>
    <ClCompile Include="convier.cpp">
      <Filter>Source Files</Filter>
    </ClCompile>
    <ClCompile Include="CreditsEntity.cpp">
      <Filter>Source Files\Entity</Filter>
    </ClCompile>
    <ClCompile Include="Entity.cpp">
      <Filter>Source Files\ECS</Filter>
    </ClCompile>
    <ClCompile Include="FiniteStateSystem.cpp">
      <Filter>Source Files\System</Filter>
    </ClCompile>
    <ClCompile Include="FiniteStateSystem.h">
      <Filter>Header Files\System</Filter>
    </ClCompile>
    <ClCompile Include="game.cpp">
      <Filter>Source Files</Filter>
    </ClCompile>
    <ClCompile Include="GameCreateLevelState.cpp">
      <Filter>Source Files\States\Game</Filter>
    </ClCompile>
    <ClCompile Include="GameCreditsState.cpp">
      <Filter>Source Files\States\Game</Filter>
    </ClCompile>
    <ClCompile Include="GameDestroyLevelState.cpp">
      <Filter>Source Files\States\Game</Filter>
    </ClCompile>
    <ClCompile Include="GameEntity.cpp">
      <Filter>Source Files\Entity</Filter>
    </ClCompile>
    <ClCompile Include="GameMenuState.cpp">
      <Filter>Source Files\States\Game</Filter>
    </ClCompile>
    <ClCompile Include="GamePauseState.cpp">
      <Filter>Source Files\States\Game</Filter>
    </ClCompile>
    <ClCompile Include="GamePlayerDeathState.cpp">
      <Filter>Source Files\States\Game</Filter>
    </ClCompile>
    <ClCompile Include="GameReducer.cpp">
      <Filter>Source Files\Reducers</Filter>
    </ClCompile>
    <ClCompile Include="GameRunningState.cpp">
      <Filter>Source Files\States\Game</Filter>
    </ClCompile>
    <ClCompile Include="graphics.cpp">
      <Filter>Source Files</Filter>
    </ClCompile>
    <ClCompile Include="input.cpp">
      <Filter>Source Files</Filter>
    </ClCompile>
    <ClCompile Include="MainMenuEntity.cpp">
      <Filter>Source Files\Entity</Filter>
    </ClCompile>
    <ClCompile Include="Manager.cpp">
      <Filter>Source Files\ECS</Filter>
    </ClCompile>
    <ClCompile Include="NotClickedState.cpp">
      <Filter>Source Files\States\Click</Filter>
    </ClCompile>
    <ClCompile Include="OBBOBBCollisionStrategy.cpp">
      <Filter>Source Files\CollisionUtil</Filter>
    </ClCompile>
    <ClCompile Include="PauseMenuEntity.cpp">
      <Filter>Source Files\Entity</Filter>
    </ClCompile>
    <ClCompile Include="PhysicsSystem.cpp">
      <Filter>Source Files\System</Filter>
    </ClCompile>
    <ClCompile Include="PlayerDeathState.cpp">
      <Filter>Source Files\States\PlayerHealth</Filter>
    </ClCompile>
    <ClCompile Include="PlayerEntity.cpp">
      <Filter>Source Files\Entity</Filter>
    </ClCompile>
    <ClCompile Include="PlayerEntity.cpp">
      <Filter>Source Files\Entity</Filter>
    </ClCompile>
    <ClCompile Include="PlayerHealthIdleState.cpp">
      <Filter>Source Files\States\PlayerHealth</Filter>
    </ClCompile>
    <ClCompile Include="PlayerHealthReplenishingState.cpp">
      <Filter>Source Files\States\PlayerHealth</Filter>
    </ClCompile>
    <ClCompile Include="PlayerMovementChargingState.cpp">
      <Filter>Source Files\States\PlayerMovement</Filter>
    </ClCompile>
    <ClCompile Include="PlayerMovementIdleState.cpp">
      <Filter>Source Files\States\PlayerMovement</Filter>
    </ClCompile>
    <ClCompile Include="PlayerMovementMovingState.cpp">
      <Filter>Source Files\States\PlayerMovement</Filter>
    </ClCompile>
    <ClCompile Include="PlayerMovementRunningState.cpp">
      <Filter>Source Files\States\PlayerMovement</Filter>
    </ClCompile>
    <ClCompile Include="Reducer.tpp">
      <Filter>Source Files\FSM</Filter>
    </ClCompile>
    <ClCompile Include="RenderSystem.cpp">
      <Filter>Source Files\System</Filter>
    </ClCompile>
    <ClCompile Include="State.cpp">
      <Filter>Source Files\FSM</Filter>
    </ClCompile>
    <ClCompile Include="Store.cpp">
      <Filter>Source Files\FSM</Filter>
    </ClCompile>
    <ClCompile Include="System.cpp">
      <Filter>Source Files\ECS</Filter>
    </ClCompile>
    <ClCompile Include="SystemRunner.cpp">
      <Filter>Source Files\ECS</Filter>
    </ClCompile>
    <ClCompile Include="TextureComponent.cpp">
      <Filter>Source Files\Component</Filter>
    </ClCompile>
    <ClCompile Include="typeUtil.cpp">
      <Filter>Source Files</Filter>
    </ClCompile>
    <ClCompile Include="vectorUtil.cpp">
      <Filter>Source Files\CollisionUtil</Filter>
    </ClCompile>
    <ClCompile Include="winmain.cpp">
      <Filter>Source Files</Filter>
    </ClCompile>
  </ItemGroup>
  <ItemGroup>
    <ClInclude Include="AABBAABBCollisionStrategy.h">
      <Filter>Header Files\CollisionUtil</Filter>
    </ClInclude>
    <ClInclude Include="AABBCircleCollisionStrategy.h">
      <Filter>Header Files\CollisionUtil</Filter>
    </ClInclude>
    <ClInclude Include="AABBOBBCollisionStrategy.h">
      <Filter>Header Files\CollisionUtil</Filter>
    </ClInclude>
    <ClInclude Include="Action.h">
      <Filter>Header Files\FSM</Filter>
    </ClInclude>
    <ClInclude Include="AttackIdleState.h">
      <Filter>Header Files\States\Attack</Filter>
    </ClInclude>
    <ClInclude Include="AttackIdleState.h">
      <Filter>Header Files\States\Attack</Filter>
    </ClInclude>
    <ClInclude Include="AttackingState.h">
      <Filter>Header Files\States\Attack</Filter>
    </ClInclude>
    <ClInclude Include="AttackingState.h">
      <Filter>Header Files\States\Attack</Filter>
    </ClInclude>
    <ClInclude Include="AugmentationComponent.h">
      <Filter>Header Files\Component</Filter>
    </ClInclude>
    <ClInclude Include="AugmentationSystem.h">
      <Filter>Header Files\System</Filter>
    </ClInclude>
    <ClInclude Include="ButtonEntity.h">
      <Filter>Header Files\Entity</Filter>
    </ClInclude>
    <ClInclude Include="CircleCircleCollisionStrategy.h">
      <Filter>Header Files\CollisionUtil</Filter>
    </ClInclude>
    <ClInclude Include="CircleOBBCollisionStrategy.h">
      <Filter>Header Files\CollisionUtil</Filter>
    </ClInclude>
    <ClInclude Include="ClickingState.h">
      <Filter>Header Files\States\Click</Filter>
    </ClInclude>
    <ClInclude Include="CollidableComponent.h">
      <Filter>Header Files\Component</Filter>
    </ClInclude>
    <ClInclude Include="collisionConstants.h">
      <Filter>Header Files</Filter>
    </ClInclude>
    <ClInclude Include="CollisionStrategy.h">
      <Filter>Header Files\CollisionUtil</Filter>
    </ClInclude>
    <ClInclude Include="CollisionSystem.h">
      <Filter>Header Files\System</Filter>
    </ClInclude>
    <ClInclude Include="CollisionType.h">
      <Filter>Header Files\CollisionUtil</Filter>
    </ClInclude>
    <ClInclude Include="Component.h">
      <Filter>Header Files\ECS</Filter>
    </ClInclude>
    <ClInclude Include="constants.h">
      <Filter>Header Files</Filter>
    </ClInclude>
    <ClInclude Include="convier.h">
      <Filter>Header Files</Filter>
    </ClInclude>
    <ClInclude Include="CreditsEntity.h">
      <Filter>Header Files\Entity</Filter>
    </ClInclude>
    <ClInclude Include="ecsConstants.h">
      <Filter>Header Files</Filter>
    </ClInclude>
    <ClInclude Include="Entity.h">
      <Filter>Header Files\ECS</Filter>
    </ClInclude>
    <ClInclude Include="fsmConstants.h">
      <Filter>Header Files</Filter>
    </ClInclude>
    <ClInclude Include="game.h">
      <Filter>Header Files</Filter>
    </ClInclude>
    <ClInclude Include="GameCreateLevelState.h">
      <Filter>Header Files\States\Game</Filter>
    </ClInclude>
    <ClInclude Include="GameCreditsState.h">
      <Filter>Header Files\States\Game</Filter>
    </ClInclude>
    <ClInclude Include="GameDataComponent.h">
      <Filter>Header Files\Component</Filter>
    </ClInclude>
    <ClInclude Include="GameDestroyLevelState.h">
      <Filter>Header Files\States\Game</Filter>
    </ClInclude>
    <ClInclude Include="GameEntity.h">
      <Filter>Header Files\Entity</Filter>
    </ClInclude>
    <ClInclude Include="gameError.h">
      <Filter>Header Files</Filter>
    </ClInclude>
    <ClInclude Include="GameMenuState.h">
      <Filter>Header Files\States\Game</Filter>
    </ClInclude>
    <ClInclude Include="GamePauseState.h">
      <Filter>Header Files\States\Game</Filter>
    </ClInclude>
    <ClInclude Include="GamePlayerDeathState.h">
      <Filter>Header Files\States\Game</Filter>
    </ClInclude>
    <ClInclude Include="GameReducer.h">
      <Filter>Header Files\Reducers</Filter>
    </ClInclude>
    <ClInclude Include="GameRunningState.h">
      <Filter>Header Files\States\Game</Filter>
    </ClInclude>
    <ClInclude Include="GameStateComponent.h">
      <Filter>Header Files\Component</Filter>
    </ClInclude>
    <ClInclude Include="graphics.h">
      <Filter>Header Files</Filter>
    </ClInclude>
    <ClInclude Include="HealthComponent.h">
      <Filter>Header Files\Component</Filter>
    </ClInclude>
    <ClInclude Include="HealthComponent.h">
      <Filter>Header Files\Component</Filter>
    </ClInclude>
    <ClInclude Include="input.h">
      <Filter>Header Files</Filter>
    </ClInclude>
    <ClInclude Include="JumpingComponent.h">
      <Filter>Header Files\Component</Filter>
    </ClInclude>
    <ClInclude Include="MainMenuEntity.h">
      <Filter>Header Files\Entity</Filter>
    </ClInclude>
    <ClInclude Include="Manager.h">
      <Filter>Header Files\ECS</Filter>
    </ClInclude>
    <ClInclude Include="NotClickedState.h">
      <Filter>Header Files\States\Click</Filter>
    </ClInclude>
    <ClInclude Include="OBBOBBCollisionStrategy.h">
      <Filter>Header Files\CollisionUtil</Filter>
    </ClInclude>
    <ClInclude Include="PauseGameAction.h">
      <Filter>Header Files\Actions</Filter>
    </ClInclude>
    <ClInclude Include="PauseMenuEntity.h">
      <Filter>Header Files\Entity</Filter>
    </ClInclude>
    <ClInclude Include="PhysicsComponent.h">
      <Filter>Header Files\Component</Filter>
    </ClInclude>
    <ClInclude Include="PhysicsComponent.h">
      <Filter>Header Files</Filter>
    </ClInclude>
    <ClInclude Include="PhysicsComponent.h">
      <Filter>Header Files\Component</Filter>
    </ClInclude>
    <ClInclude Include="PhysicsComponent.h">
      <Filter>Header Files</Filter>
    </ClInclude>
    <ClInclude Include="PhysicsSystem.h">
      <Filter>Header Files\System</Filter>
    </ClInclude>
    <ClInclude Include="PlayerDeathState.h">
      <Filter>Header Files\States\PlayerHealth</Filter>
    </ClInclude>
    <ClInclude Include="PlayerDeathState.h">
      <Filter>Header Files\States\PlayerHealth</Filter>
    </ClInclude>
    <ClInclude Include="PlayerEntity.h">
      <Filter>Header Files\Entity</Filter>
    </ClInclude>
    <ClInclude Include="PlayerEntity.h">
      <Filter>Header Files\Entity</Filter>
    </ClInclude>
    <ClInclude Include="PlayerHealthIdleState.h">
      <Filter>Header Files\States\PlayerHealth</Filter>
    </ClInclude>
    <ClInclude Include="PlayerHealthIdleState.h">
      <Filter>Header Files\States\PlayerHealth</Filter>
    </ClInclude>
    <ClInclude Include="PlayerHealthReplenishingState.h">
      <Filter>Header Files\States\PlayerHealth</Filter>
    </ClInclude>
    <ClInclude Include="PlayerHealthReplenishingState.h">
      <Filter>Header Files\States\PlayerHealth</Filter>
    </ClInclude>
    <ClInclude Include="PlayerMovementChargingState.h">
      <Filter>Header Files\States\PlayerMovement</Filter>
    </ClInclude>
    <ClInclude Include="PlayerMovementChargingState.h">
      <Filter>Header Files\States\PlayerMovement</Filter>
    </ClInclude>
    <ClInclude Include="PlayerMovementIdleState.h">
      <Filter>Header Files\States\PlayerMovement</Filter>
    </ClInclude>
    <ClInclude Include="PlayerMovementIdleState.h">
      <Filter>Header Files\States\PlayerMovement</Filter>
    </ClInclude>
    <ClInclude Include="PlayerMovementMovingState.h">
      <Filter>Header Files\States\PlayerMovement</Filter>
    </ClInclude>
    <ClInclude Include="PlayerMovementMovingState.h">
      <Filter>Header Files\States\PlayerMovement</Filter>
    </ClInclude>
    <ClInclude Include="PlayerMovementRunningState.h">
      <Filter>Header Files\States\PlayerMovement</Filter>
    </ClInclude>
    <ClInclude Include="PlayerMovementRunningState.h">
      <Filter>Header Files\States\PlayerMovement</Filter>
    </ClInclude>
    <ClInclude Include="PrepareGameAction.h">
      <Filter>Header Files\Actions</Filter>
    </ClInclude>
    <ClInclude Include="PrepareMenuAction.h">
      <Filter>Header Files\Actions</Filter>
    </ClInclude>
    <ClInclude Include="QuitGameAction.h">
      <Filter>Header Files\Actions</Filter>
    </ClInclude>
    <ClInclude Include="Reducer.h">
      <Filter>Header Files\FSM</Filter>
    </ClInclude>
    <ClInclude Include="RenderSystem.h">
      <Filter>Header Files\System</Filter>
    </ClInclude>
    <ClInclude Include="ResumeGameAction.h">
      <Filter>Header Files\Actions</Filter>
    </ClInclude>
    <ClInclude Include="ShowCreditsAction.h">
      <Filter>Header Files\Actions</Filter>
    </ClInclude>
    <ClInclude Include="State.h">
      <Filter>Header Files\FSM</Filter>
    </ClInclude>
    <ClInclude Include="StateComponent.h">
      <Filter>Header Files\Component</Filter>
    </ClInclude>
    <ClInclude Include="StaticCollidableComponent.h">
      <Filter>Header Files\Component</Filter>
    </ClInclude>
    <ClInclude Include="Store.h">
      <Filter>Header Files\FSM</Filter>
    </ClInclude>
    <ClInclude Include="System.h">
      <Filter>Header Files\ECS</Filter>
    </ClInclude>
    <ClInclude Include="SystemRunner.h">
      <Filter>Header Files\ECS</Filter>
    </ClInclude>
    <ClInclude Include="TextComponent.h">
      <Filter>Header Files\Component</Filter>
    </ClInclude>
    <ClInclude Include="TextureComponent.h">
      <Filter>Header Files\Component</Filter>
    </ClInclude>
    <ClInclude Include="TransformComponent.h">
      <Filter>Header Files\Component</Filter>
    </ClInclude>
    <ClInclude Include="typeUtil.h">
      <Filter>Header Files</Filter>
    </ClInclude>
    <ClInclude Include="vectorUtil.h">
      <Filter>Header Files\CollisionUtil</Filter>
    </ClInclude>
  </ItemGroup>
  <ItemGroup>
    <None Include="Entity.tpp">
      <Filter>Source Files\ECS</Filter>
    </None>
    <None Include="Manager.tpp">
      <Filter>Source Files\ECS</Filter>
    </None>
    <None Include="StateComponent.tpp">
      <Filter>Source Files\Component</Filter>
    </None>
    <None Include="typeUtil.tpp">
      <Filter>Source Files</Filter>
    </None>
  </ItemGroup>
  <ItemGroup>
    <Image Include="Credits.png">
      <Filter>Resource Files\Button</Filter>
    </Image>
    <Image Include="CreditsBackground.png">
      <Filter>Resource Files\Background</Filter>
    </Image>
    <Image Include="MainMenu.png">
      <Filter>Resource Files\Background</Filter>
    </Image>
    <Image Include="Menu.png">
      <Filter>Resource Files\Button</Filter>
    </Image>
    <Image Include="PauseMenu.png">
      <Filter>Resource Files\Background</Filter>
    </Image>
    <Image Include="Player_Dying.png">
      <Filter>Resource Files\Player</Filter>
    </Image>
    <Image Include="Player_Idle.png">
      <Filter>Resource Files\Player</Filter>
    </Image>
    <Image Include="Player_Jump.png">
      <Filter>Resource Files\Player</Filter>
    </Image>
    <Image Include="Player_Jump_Shooting.png">
      <Filter>Resource Files\Player</Filter>
    </Image>
    <Image Include="Player_Melee.png">
      <Filter>Resource Files\Player</Filter>
    </Image>
    <Image Include="Player_Melee_Jump.png">
      <Filter>Resource Files\Player</Filter>
    </Image>
    <Image Include="Player_Run.png">
      <Filter>Resource Files\Player</Filter>
    </Image>
    <Image Include="Player_Run_Shooting.png">
      <Filter>Resource Files\Player</Filter>
    </Image>
    <Image Include="Player_Shoot.png">
      <Filter>Resource Files\Player</Filter>
    </Image>
    <Image Include="Player_Slide.png">
      <Filter>Resource Files\Player</Filter>
    </Image>
    <Image Include="Quit.png">
      <Filter>Resource Files\Button</Filter>
    </Image>
    <Image Include="Resume.png">
      <Filter>Resource Files\Button</Filter>
    </Image>
    <Image Include="Skeleton_Attack.png">
      <Filter>Resource Files\Enemy</Filter>
    </Image>
    <Image Include="Skeleton_Dead.png">
      <Filter>Resource Files\Enemy</Filter>
    </Image>
    <Image Include="Skeleton_Hit.png">
      <Filter>Resource Files\Enemy</Filter>
    </Image>
    <Image Include="Skeleton_Idle.png">
      <Filter>Resource Files\Enemy</Filter>
    </Image>
    <Image Include="Skeleton_React.png">
      <Filter>Resource Files\Enemy</Filter>
    </Image>
    <Image Include="Skeleton_Walk.png">
      <Filter>Resource Files\Enemy</Filter>
    </Image>
    <Image Include="sprites\Experience_Orb.gif">
      <Filter>Resource Files\sprite</Filter>
    </Image>
    <Image Include="sprites\tiles - Legend.png">
      <Filter>Resource Files\sprite</Filter>
    </Image>
    <Image Include="sprites\tiles.png">
      <Filter>Resource Files\sprite</Filter>
    </Image>
    <Image Include="sprites\tileset.png">
      <Filter>Resource Files\sprite</Filter>
    </Image>
    <Image Include="Start.png">
      <Filter>Resource Files\Button</Filter>
    </Image>
  </ItemGroup>
  <ItemGroup>
    <Text Include="map\map0.txt">
      <Filter>Resource Files\map</Filter>
    </Text>
    <Text Include="map\map1.txt">
      <Filter>Resource Files\map</Filter>
    </Text>
    <Text Include="map\map2.txt">
      <Filter>Resource Files\map</Filter>
    </Text>
    <Text Include="map\map3.txt">
      <Filter>Resource Files\map</Filter>
    </Text>
    <Text Include="map\map4.txt">
      <Filter>Resource Files\map</Filter>
    </Text>
    <Text Include="map\map5.txt">
      <Filter>Resource Files\map</Filter>
    </Text>
    <Text Include="map\start.txt">
      <Filter>Resource Files\map</Filter>
    </Text>
    <Text Include="map\end.txt">
      <Filter>Resource Files\map</Filter>
    </Text>
  </ItemGroup>
</Project>