<?xml version="1.0" encoding="utf-8"?>
<Project ToolsVersion="4.0" xmlns="http://schemas.microsoft.com/developer/msbuild/2003">
  <ItemGroup>
    <Filter Include="Header Files">
      <UniqueIdentifier>{93995380-89BD-4b04-88EB-625FBE52EBFB}</UniqueIdentifier>
      <Extensions>h;hh;hpp;hxx;hm;inl;inc;ipp;xsd</Extensions>
    </Filter>
    <Filter Include="Header Files\Component">
      <UniqueIdentifier>{ef381933-3baf-4aad-8d6e-edfc2f8e8c12}</UniqueIdentifier>
    </Filter>
    <Filter Include="Header Files\ECS">
      <UniqueIdentifier>{eb4b8f1e-c3bd-4c4e-9163-ea0495a76392}</UniqueIdentifier>
    </Filter>
    <Filter Include="Header Files\FSM">
      <UniqueIdentifier>{aa731301-7f52-431d-8762-c91f3e7dc863}</UniqueIdentifier>
    </Filter>
    <Filter Include="Header Files\States">
      <UniqueIdentifier>{32cf2de5-4b27-4818-b10b-8a3df0d43522}</UniqueIdentifier>
    </Filter>
    <Filter Include="Header Files\States\Game">
      <UniqueIdentifier>{935062c0-ac9c-41f2-a0c6-4d59fcf0a799}</UniqueIdentifier>
    </Filter>
    <Filter Include="Header Files\System">
      <UniqueIdentifier>{a413f069-2231-4193-8ac7-e86077355568}</UniqueIdentifier>
    </Filter>
    <Filter Include="Resource Files">
      <UniqueIdentifier>{67DA6AB6-F800-4c08-8B7A-83BB121AAD01}</UniqueIdentifier>
      <Extensions>rc;ico;cur;bmp;dlg;rc2;rct;bin;rgs;gif;jpg;jpeg;jpe;resx;tiff;tif;png;wav;mfcribbon-ms</Extensions>
    </Filter>
    <Filter Include="Source Files">
      <UniqueIdentifier>{4FC737F1-C7A5-4376-A066-2A32D752A2FF}</UniqueIdentifier>
      <Extensions>cpp;c;cc;cxx;def;odl;idl;hpj;bat;asm;asmx</Extensions>
    </Filter>
    <Filter Include="Source Files\Component">
      <UniqueIdentifier>{9e8cda42-7798-4312-8b1a-23b8e3ce98cc}</UniqueIdentifier>
    </Filter>
    <Filter Include="Source Files\ECS">
      <UniqueIdentifier>{450a48d2-651c-4189-b6aa-678584d7f8fa}</UniqueIdentifier>
    </Filter>
    <Filter Include="Source Files\FSM">
      <UniqueIdentifier>{3367818c-1212-4c82-a54f-7c9cd7253579}</UniqueIdentifier>
    </Filter>
    <Filter Include="Source Files\System">
      <UniqueIdentifier>{be293b0c-f66a-45e2-b48e-8be4ddc4789a}</UniqueIdentifier>
    </Filter>
  </ItemGroup>
  <ItemGroup>
    <ClCompile Include="convier.cpp">
      <Filter>Source Files</Filter>
    </ClCompile>
    <ClCompile Include="Entity.cpp">
      <Filter>Source Files\ECS</Filter>
    </ClCompile>
    <ClCompile Include="FiniteStateSystem.h">
      <Filter>Header Files\System</Filter>
    </ClCompile>
    <ClCompile Include="game.cpp">
      <Filter>Source Files</Filter>
    </ClCompile>
    <ClCompile Include="graphics.cpp">
      <Filter>Source Files</Filter>
    </ClCompile>
    <ClCompile Include="input.cpp">
      <Filter>Source Files</Filter>
    </ClCompile>
    <ClCompile Include="Manager.cpp">
      <Filter>Source Files\ECS</Filter>
    </ClCompile>
    <ClCompile Include="State.cpp">
      <Filter>Source Files\FSM</Filter>
    </ClCompile>
    <ClCompile Include="Store.cpp">
      <Filter>Source Files\FSM</Filter>
    </ClCompile>
    <ClCompile Include="System.cpp">
      <Filter>Source Files\ECS</Filter>
    </ClCompile>
    <ClCompile Include="SystemRunner.cpp">
      <Filter>Source Files\ECS</Filter>
    </ClCompile>
    <ClCompile Include="typeUtil.cpp">
      <Filter>Source Files</Filter>
    </ClCompile>
    <ClCompile Include="winmain.cpp">
      <Filter>Source Files</Filter>
    </ClCompile>
  </ItemGroup>
  <ItemGroup>
    <ClInclude Include="Action.h">
      <Filter>Header Files\FSM</Filter>
    </ClInclude>
    <ClInclude Include="Component.h">
      <Filter>Header Files\ECS</Filter>
    </ClInclude>
    <ClInclude Include="constants.h">
      <Filter>Header Files</Filter>
    </ClInclude>
    <ClInclude Include="convier.h">
      <Filter>Header Files</Filter>
    </ClInclude>
    <ClInclude Include="Entity.h">
      <Filter>Header Files\ECS</Filter>
    </ClInclude>
    <ClInclude Include="game.h">
      <Filter>Header Files</Filter>
    </ClInclude>
    <ClInclude Include="gameError.h">
      <Filter>Header Files</Filter>
    </ClInclude>
    <ClInclude Include="GameMenuState.h">
      <Filter>Header Files\States\Game</Filter>
    </ClInclude>
    <ClInclude Include="graphics.h">
      <Filter>Header Files</Filter>
    </ClInclude>
    <ClInclude Include="input.h">
      <Filter>Header Files</Filter>
    </ClInclude>
    <ClInclude Include="Manager.h">
      <Filter>Header Files\ECS</Filter>
    </ClInclude>
    <ClInclude Include="Reducer.h">
      <Filter>Header Files\FSM</Filter>
    </ClInclude>
    <ClInclude Include="State.h">
      <Filter>Header Files\FSM</Filter>
    </ClInclude>
    <ClInclude Include="StateComponent.h">
      <Filter>Header Files\Component</Filter>
    </ClInclude>
    <ClInclude Include="Store.h">
      <Filter>Header Files\FSM</Filter>
    </ClInclude>
    <ClInclude Include="System.h">
      <Filter>Header Files\ECS</Filter>
    </ClInclude>
    <ClInclude Include="SystemRunner.h">
      <Filter>Header Files\ECS</Filter>
    </ClInclude>
    <ClInclude Include="typeUtil.h">
      <Filter>Header Files</Filter>
    </ClInclude>
  </ItemGroup>
  <ItemGroup>
    <None Include="Entity.tpp">
      <Filter>Source Files\ECS</Filter>
    </None>
    <None Include="Manager.tpp">
      <Filter>Source Files\ECS</Filter>
    </None>
    <None Include="StateComponent.tpp">
      <Filter>Source Files\Component</Filter>
    </None>
    <None Include="typeUtil.tpp">
      <Filter>Source Files</Filter>
    </None>
  </ItemGroup>
</Project>