<?xml version="1.0" encoding="utf-8"?>
<Project ToolsVersion="4.0" xmlns="http://schemas.microsoft.com/developer/msbuild/2003">
  <ItemGroup>
    <Filter Include="Header Files">
      <UniqueIdentifier>{93995380-89BD-4b04-88EB-625FBE52EBFB}</UniqueIdentifier>
      <Extensions>h;hh;hpp;hxx;hm;inl;inc;ipp;xsd</Extensions>
    </Filter>
    <Filter Include="Header Files\Actions">
      <UniqueIdentifier>{3dcdb413-ba66-4a27-8e9f-f1b4e7735b36}</UniqueIdentifier>
    </Filter>
    <Filter Include="Header Files\Component">
      <UniqueIdentifier>{ef381933-3baf-4aad-8d6e-edfc2f8e8c12}</UniqueIdentifier>
    </Filter>
    <Filter Include="Header Files\ECS">
      <UniqueIdentifier>{eb4b8f1e-c3bd-4c4e-9163-ea0495a76392}</UniqueIdentifier>
    </Filter>
    <Filter Include="Header Files\Entity">
      <UniqueIdentifier>{8e46328c-8573-4df8-a9f7-a0feebf01d36}</UniqueIdentifier>
    </Filter>
    <Filter Include="Header Files\FSM">
      <UniqueIdentifier>{aa731301-7f52-431d-8762-c91f3e7dc863}</UniqueIdentifier>
    </Filter>
    <Filter Include="Header Files\Reducers">
      <UniqueIdentifier>{ad12a001-7fc8-47de-8ff9-cd6f5f013907}</UniqueIdentifier>
    </Filter>
    <Filter Include="Header Files\States">
      <UniqueIdentifier>{32cf2de5-4b27-4818-b10b-8a3df0d43522}</UniqueIdentifier>
    </Filter>
    <Filter Include="Header Files\States\Game">
      <UniqueIdentifier>{935062c0-ac9c-41f2-a0c6-4d59fcf0a799}</UniqueIdentifier>
    </Filter>
    <Filter Include="Header Files\System">
      <UniqueIdentifier>{a413f069-2231-4193-8ac7-e86077355568}</UniqueIdentifier>
    </Filter>
    <Filter Include="Resource Files">
      <UniqueIdentifier>{67DA6AB6-F800-4c08-8B7A-83BB121AAD01}</UniqueIdentifier>
      <Extensions>rc;ico;cur;bmp;dlg;rc2;rct;bin;rgs;gif;jpg;jpeg;jpe;resx;tiff;tif;png;wav;mfcribbon-ms</Extensions>
    </Filter>
    <Filter Include="Source Files">
      <UniqueIdentifier>{4FC737F1-C7A5-4376-A066-2A32D752A2FF}</UniqueIdentifier>
      <Extensions>cpp;c;cc;cxx;def;odl;idl;hpj;bat;asm;asmx</Extensions>
    </Filter>
    <Filter Include="Source Files\Component">
      <UniqueIdentifier>{9e8cda42-7798-4312-8b1a-23b8e3ce98cc}</UniqueIdentifier>
    </Filter>
    <Filter Include="Source Files\ECS">
      <UniqueIdentifier>{450a48d2-651c-4189-b6aa-678584d7f8fa}</UniqueIdentifier>
    </Filter>
    <Filter Include="Source Files\Entity">
      <UniqueIdentifier>{61c71b4b-0751-41b4-ad6e-3d3fc306a1ea}</UniqueIdentifier>
    </Filter>
    <Filter Include="Source Files\FSM">
      <UniqueIdentifier>{3367818c-1212-4c82-a54f-7c9cd7253579}</UniqueIdentifier>
    </Filter>
    <Filter Include="Source Files\Reducers">
      <UniqueIdentifier>{d7948023-4280-4684-a832-a7525081e329}</UniqueIdentifier>
    </Filter>
    <Filter Include="Source Files\States">
      <UniqueIdentifier>{96aeb3a2-d0d7-4cdc-abb0-00260fe30cb0}</UniqueIdentifier>
    </Filter>
    <Filter Include="Source Files\States\Game">
      <UniqueIdentifier>{106c62b3-54a9-49fc-9280-93840294ff4e}</UniqueIdentifier>
    </Filter>
    <Filter Include="Source Files\System">
      <UniqueIdentifier>{be293b0c-f66a-45e2-b48e-8be4ddc4789a}</UniqueIdentifier>
    </Filter>
    <Filter Include="Resource Files\Player">
      <UniqueIdentifier>{c5c2810a-1bb9-4ef0-b27e-813675a1e3fb}</UniqueIdentifier>
    </Filter>
    <Filter Include="Resource Files\Background">
      <UniqueIdentifier>{7ef6f92c-7e65-4e4a-8984-a6c6880f63dc}</UniqueIdentifier>
    </Filter>
    <Filter Include="Resource Files\Button">
      <UniqueIdentifier>{43cac398-5a13-46f4-a1f6-454420c9e44c}</UniqueIdentifier>
    </Filter>
    <Filter Include="Header Files\Entity">
      <UniqueIdentifier>{cb43fca0-80f0-4fd8-9422-628f3feab2e7}</UniqueIdentifier>
    </Filter>
  </ItemGroup>
  <ItemGroup>
    <ClCompile Include="convier.cpp">
      <Filter>Source Files</Filter>
    </ClCompile>
    <ClCompile Include="Entity.cpp">
      <Filter>Source Files\ECS</Filter>
    </ClCompile>
    <ClCompile Include="FiniteStateSystem.cpp">
      <Filter>Source Files\System</Filter>
    </ClCompile>
    <ClCompile Include="FiniteStateSystem.h">
      <Filter>Header Files\System</Filter>
    </ClCompile>
    <ClCompile Include="game.cpp">
      <Filter>Source Files</Filter>
    </ClCompile>
    <ClCompile Include="GameEntity.cpp">
      <Filter>Source Files\Entity</Filter>
    </ClCompile>
    <ClCompile Include="GameMenuState.cpp">
      <Filter>Source Files\States\Game</Filter>
    </ClCompile>
    <ClCompile Include="GameReducer.cpp">
      <Filter>Source Files\Reducers</Filter>
    </ClCompile>
    <ClCompile Include="graphics.cpp">
      <Filter>Source Files</Filter>
    </ClCompile>
    <ClCompile Include="input.cpp">
      <Filter>Source Files</Filter>
    </ClCompile>
    <ClCompile Include="Manager.cpp">
      <Filter>Source Files\ECS</Filter>
    </ClCompile>
    <ClCompile Include="RenderSystem.cpp">
      <Filter>Source Files\System</Filter>
    </ClCompile>
    <ClCompile Include="State.cpp">
      <Filter>Source Files\FSM</Filter>
    </ClCompile>
    <ClCompile Include="Store.cpp">
      <Filter>Source Files\FSM</Filter>
    </ClCompile>
    <ClCompile Include="System.cpp">
      <Filter>Source Files\ECS</Filter>
    </ClCompile>
    <ClCompile Include="SystemRunner.cpp">
      <Filter>Source Files\ECS</Filter>
    </ClCompile>
    <ClCompile Include="TextureComponent.cpp">
      <Filter>Source Files\Component</Filter>
    </ClCompile>
    <ClCompile Include="typeUtil.cpp">
      <Filter>Source Files</Filter>
    </ClCompile>
    <ClCompile Include="winmain.cpp">
      <Filter>Source Files</Filter>
    </ClCompile>
  </ItemGroup>
  <ItemGroup>
    <ClInclude Include="Action.h">
      <Filter>Header Files\FSM</Filter>
    </ClInclude>
    <ClInclude Include="Component.h">
      <Filter>Header Files\ECS</Filter>
    </ClInclude>
    <ClInclude Include="constants.h">
      <Filter>Header Files</Filter>
    </ClInclude>
    <ClInclude Include="convier.h">
      <Filter>Header Files</Filter>
    </ClInclude>
    <ClInclude Include="ecsConstants.h">
      <Filter>Header Files</Filter>
    </ClInclude>
    <ClInclude Include="Entity.h">
      <Filter>Header Files\ECS</Filter>
    </ClInclude>
    <ClInclude Include="fsmConstants.h">
      <Filter>Header Files</Filter>
    </ClInclude>
    <ClInclude Include="game.h">
      <Filter>Header Files</Filter>
    </ClInclude>
    <ClInclude Include="GameDataComponent.h">
      <Filter>Header Files\Component</Filter>
    </ClInclude>
    <ClInclude Include="GameEntity.h">
      <Filter>Header Files\Entity</Filter>
    </ClInclude>
    <ClInclude Include="gameError.h">
      <Filter>Header Files</Filter>
    </ClInclude>
    <ClInclude Include="GameMenuState.h">
      <Filter>Header Files\States\Game</Filter>
    </ClInclude>
    <ClInclude Include="GameReducer.h">
      <Filter>Header Files\Reducers</Filter>
    </ClInclude>
    <ClInclude Include="GameStateComponent.h">
      <Filter>Header Files\Component</Filter>
    </ClInclude>
    <ClInclude Include="graphics.h">
      <Filter>Header Files</Filter>
    </ClInclude>
    <ClInclude Include="input.h">
      <Filter>Header Files</Filter>
    </ClInclude>
    <ClInclude Include="Manager.h">
      <Filter>Header Files\ECS</Filter>
    </ClInclude>
    <ClInclude Include="PrepareGameAction.h">
      <Filter>Header Files\Actions</Filter>
    </ClInclude>
    <ClInclude Include="Reducer.h">
      <Filter>Header Files\FSM</Filter>
    </ClInclude>
    <ClInclude Include="RenderSystem.h">
      <Filter>Header Files\System</Filter>
    </ClInclude>
    <ClInclude Include="State.h">
      <Filter>Header Files\FSM</Filter>
    </ClInclude>
    <ClInclude Include="StateComponent.h">
      <Filter>Header Files\Component</Filter>
    </ClInclude>
    <ClInclude Include="Store.h">
      <Filter>Header Files\FSM</Filter>
    </ClInclude>
    <ClInclude Include="System.h">
      <Filter>Header Files\ECS</Filter>
    </ClInclude>
    <ClInclude Include="SystemRunner.h">
      <Filter>Header Files\ECS</Filter>
    </ClInclude>
    <ClInclude Include="TextureComponent.h">
      <Filter>Header Files\Component</Filter>
    </ClInclude>
    <ClInclude Include="TransformComponent.h">
      <Filter>Header Files\Component</Filter>
    </ClInclude>
    <ClInclude Include="typeUtil.h">
      <Filter>Header Files</Filter>
    </ClInclude>
    <ClInclude Include="QuitGameAction.h">
      <Filter>Header Files\Actions</Filter>
    </ClInclude>
    <ClInclude Include="ShowCreditsAction.h">
      <Filter>Header Files\Actions</Filter>
    </ClInclude>
  </ItemGroup>
  <ItemGroup>
    <None Include="Entity.tpp">
      <Filter>Source Files\ECS</Filter>
    </None>
    <None Include="Manager.tpp">
      <Filter>Source Files\ECS</Filter>
    </None>
    <None Include="StateComponent.tpp">
      <Filter>Source Files\Component</Filter>
    </None>
    <None Include="typeUtil.tpp">
      <Filter>Source Files</Filter>
    </None>
  </ItemGroup>
  <ItemGroup>
    <Image Include="..\..\..\Player spritesheets\Player_Dying.png">
      <Filter>Resource Files\Player</Filter>
    </Image>
    <Image Include="..\..\..\Player spritesheets\Player_Idle.png">
      <Filter>Resource Files\Player</Filter>
    </Image>
    <Image Include="..\..\..\Player spritesheets\Player_Jump.png">
      <Filter>Resource Files\Player</Filter>
    </Image>
    <Image Include="..\..\..\Player spritesheets\Player_Jump_Shooting.png">
      <Filter>Resource Files\Player</Filter>
    </Image>
    <Image Include="..\..\..\Player spritesheets\Player_Melee.png">
      <Filter>Resource Files\Player</Filter>
    </Image>
    <Image Include="..\..\..\Player spritesheets\Player_Melee_Jump.png">
      <Filter>Resource Files\Player</Filter>
    </Image>
    <Image Include="..\..\..\Player spritesheets\Player_Run.png">
      <Filter>Resource Files\Player</Filter>
    </Image>
    <Image Include="..\..\..\Player spritesheets\Player_Run_Shooting.png">
      <Filter>Resource Files\Player</Filter>
    </Image>
    <Image Include="..\..\..\Player spritesheets\Player_Shoot.png">
      <Filter>Resource Files\Player</Filter>
    </Image>
    <Image Include="..\..\..\Player spritesheets\Player_Slide.png">
      <Filter>Resource Files\Player</Filter>
    </Image>
    <Image Include="..\..\..\gothicvania-cemetery-files\gothicvania-cemetery-files\PNG\Environment\mainmenu.png">
      <Filter>Resource Files\Background</Filter>
    </Image>
    <Image Include="..\..\..\Credits.png">
      <Filter>Resource Files\Button</Filter>
    </Image>
    <Image Include="..\..\..\Menu.png">
      <Filter>Resource Files\Button</Filter>
    </Image>
    <Image Include="..\..\..\Quit.png">
      <Filter>Resource Files\Button</Filter>
    </Image>
    <Image Include="..\..\..\Resume.png">
      <Filter>Resource Files\Button</Filter>
    </Image>
    <Image Include="..\..\..\Start.png">
      <Filter>Resource Files\Button</Filter>
    </Image>
  </ItemGroup>
</Project>